// !$*UTF8*$!
{
	archiveVersion = 1;
	classes = {
	};
	objectVersion = 51;
	objects = {

/* Begin PBXBuildFile section */
		31857B94248DC90E0007BA22 /* AppDelegate.swift in Sources */ = {isa = PBXBuildFile; fileRef = 31857B93248DC90E0007BA22 /* AppDelegate.swift */; };
		31857B96248DC90E0007BA22 /* SceneDelegate.swift in Sources */ = {isa = PBXBuildFile; fileRef = 31857B95248DC90E0007BA22 /* SceneDelegate.swift */; };
		31857B98248DC90E0007BA22 /* ViewController.swift in Sources */ = {isa = PBXBuildFile; fileRef = 31857B97248DC90E0007BA22 /* ViewController.swift */; };
		31857B9D248DC9110007BA22 /* Assets.xcassets in Resources */ = {isa = PBXBuildFile; fileRef = 31857B9C248DC9110007BA22 /* Assets.xcassets */; };
		31857BA0248DC9110007BA22 /* LaunchScreen.storyboard in Resources */ = {isa = PBXBuildFile; fileRef = 31857B9E248DC9110007BA22 /* LaunchScreen.storyboard */; };
		31857BA8248DCA790007BA22 /* LaunchViewController.swift in Sources */ = {isa = PBXBuildFile; fileRef = 31857BA7248DCA790007BA22 /* LaunchViewController.swift */; };
		31987B9CB20142A4B154452A /* Pods_SNKRSLaunchScreenExample.framework in Frameworks */ = {isa = PBXBuildFile; fileRef = 5FF57190B52C7E0D12EED137 /* Pods_SNKRSLaunchScreenExample.framework */; };
/* End PBXBuildFile section */

/* Begin PBXFileReference section */
		31857B90248DC90E0007BA22 /* SNKRSLaunchScreenExample.app */ = {isa = PBXFileReference; explicitFileType = wrapper.application; includeInIndex = 0; path = SNKRSLaunchScreenExample.app; sourceTree = BUILT_PRODUCTS_DIR; };
		31857B93248DC90E0007BA22 /* AppDelegate.swift */ = {isa = PBXFileReference; lastKnownFileType = sourcecode.swift; path = AppDelegate.swift; sourceTree = "<group>"; };
		31857B95248DC90E0007BA22 /* SceneDelegate.swift */ = {isa = PBXFileReference; lastKnownFileType = sourcecode.swift; path = SceneDelegate.swift; sourceTree = "<group>"; };
		31857B97248DC90E0007BA22 /* ViewController.swift */ = {isa = PBXFileReference; lastKnownFileType = sourcecode.swift; path = ViewController.swift; sourceTree = "<group>"; };
		31857B9C248DC9110007BA22 /* Assets.xcassets */ = {isa = PBXFileReference; lastKnownFileType = folder.assetcatalog; path = Assets.xcassets; sourceTree = "<group>"; };
		31857B9F248DC9110007BA22 /* Base */ = {isa = PBXFileReference; lastKnownFileType = file.storyboard; name = Base; path = Base.lproj/LaunchScreen.storyboard; sourceTree = "<group>"; };
		31857BA1248DC9110007BA22 /* Info.plist */ = {isa = PBXFileReference; lastKnownFileType = text.plist.xml; path = Info.plist; sourceTree = "<group>"; };
		31857BA7248DCA790007BA22 /* LaunchViewController.swift */ = {isa = PBXFileReference; lastKnownFileType = sourcecode.swift; path = LaunchViewController.swift; sourceTree = "<group>"; };
		43B712DC2FA7A5A0DA92BCF0 /* Pods-SNKRSLaunchScreenExample.release.xcconfig */ = {isa = PBXFileReference; includeInIndex = 1; lastKnownFileType = text.xcconfig; name = "Pods-SNKRSLaunchScreenExample.release.xcconfig"; path = "Target Support Files/Pods-SNKRSLaunchScreenExample/Pods-SNKRSLaunchScreenExample.release.xcconfig"; sourceTree = "<group>"; };
		5FF57190B52C7E0D12EED137 /* Pods_SNKRSLaunchScreenExample.framework */ = {isa = PBXFileReference; explicitFileType = wrapper.framework; includeInIndex = 0; path = Pods_SNKRSLaunchScreenExample.framework; sourceTree = BUILT_PRODUCTS_DIR; };
		A41561FAF4A6E083CFBA1B91 /* Pods-SNKRSLaunchScreenExample.debug.xcconfig */ = {isa = PBXFileReference; includeInIndex = 1; lastKnownFileType = text.xcconfig; name = "Pods-SNKRSLaunchScreenExample.debug.xcconfig"; path = "Target Support Files/Pods-SNKRSLaunchScreenExample/Pods-SNKRSLaunchScreenExample.debug.xcconfig"; sourceTree = "<group>"; };
/* End PBXFileReference section */

/* Begin PBXFrameworksBuildPhase section */
		31857B8D248DC90E0007BA22 /* Frameworks */ = {
			isa = PBXFrameworksBuildPhase;
			buildActionMask = 2147483647;
			files = (
				31987B9CB20142A4B154452A /* Pods_SNKRSLaunchScreenExample.framework in Frameworks */,
			);
			runOnlyForDeploymentPostprocessing = 0;
		};
/* End PBXFrameworksBuildPhase section */

/* Begin PBXGroup section */
		31857B87248DC90E0007BA22 = {
			isa = PBXGroup;
			children = (
				31857B92248DC90E0007BA22 /* SNKRSLaunchScreenExample */,
				31857B91248DC90E0007BA22 /* Products */,
				69E17F2B3ECA5E8D674AB39B /* Pods */,
				AAEAF89B133756C5C8AF4AA2 /* Frameworks */,
			);
			sourceTree = "<group>";
		};
		31857B91248DC90E0007BA22 /* Products */ = {
			isa = PBXGroup;
			children = (
				31857B90248DC90E0007BA22 /* SNKRSLaunchScreenExample.app */,
			);
			name = Products;
			sourceTree = "<group>";
		};
		31857B92248DC90E0007BA22 /* SNKRSLaunchScreenExample */ = {
			isa = PBXGroup;
			children = (
				31857B93248DC90E0007BA22 /* AppDelegate.swift */,
				31857B95248DC90E0007BA22 /* SceneDelegate.swift */,
				31857BA7248DCA790007BA22 /* LaunchViewController.swift */,
				31857B97248DC90E0007BA22 /* ViewController.swift */,
				31857B9C248DC9110007BA22 /* Assets.xcassets */,
				31857B9E248DC9110007BA22 /* LaunchScreen.storyboard */,
				31857BA1248DC9110007BA22 /* Info.plist */,
			);
			path = SNKRSLaunchScreenExample;
			sourceTree = "<group>";
		};
		69E17F2B3ECA5E8D674AB39B /* Pods */ = {
			isa = PBXGroup;
			children = (
				A41561FAF4A6E083CFBA1B91 /* Pods-SNKRSLaunchScreenExample.debug.xcconfig */,
				43B712DC2FA7A5A0DA92BCF0 /* Pods-SNKRSLaunchScreenExample.release.xcconfig */,
			);
			path = Pods;
			sourceTree = "<group>";
		};
		AAEAF89B133756C5C8AF4AA2 /* Frameworks */ = {
			isa = PBXGroup;
			children = (
				5FF57190B52C7E0D12EED137 /* Pods_SNKRSLaunchScreenExample.framework */,
			);
			name = Frameworks;
			sourceTree = "<group>";
		};
/* End PBXGroup section */

/* Begin PBXNativeTarget section */
		31857B8F248DC90E0007BA22 /* SNKRSLaunchScreenExample */ = {
			isa = PBXNativeTarget;
			buildConfigurationList = 31857BA4248DC9110007BA22 /* Build configuration list for PBXNativeTarget "SNKRSLaunchScreenExample" */;
			buildPhases = (
				6D5184A93353160ED8ACD0B4 /* [CP] Check Pods Manifest.lock */,
				31857B8C248DC90E0007BA22 /* Sources */,
				31857B8D248DC90E0007BA22 /* Frameworks */,
				31857B8E248DC90E0007BA22 /* Resources */,
				DF3CA71BA61A8A99018381D0 /* [CP] Embed Pods Frameworks */,
			);
			buildRules = (
			);
			dependencies = (
			);
			name = SNKRSLaunchScreenExample;
			productName = SNKRSLaunchScreenExample;
			productReference = 31857B90248DC90E0007BA22 /* SNKRSLaunchScreenExample.app */;
			productType = "com.apple.product-type.application";
		};
/* End PBXNativeTarget section */

/* Begin PBXProject section */
		31857B88248DC90E0007BA22 /* Project object */ = {
			isa = PBXProject;
			attributes = {
				LastSwiftUpdateCheck = 1150;
				LastUpgradeCheck = 1150;
				ORGANIZATIONNAME = "Caleb Rudnicki";
				TargetAttributes = {
					31857B8F248DC90E0007BA22 = {
						CreatedOnToolsVersion = 11.5;
					};
				};
			};
			buildConfigurationList = 31857B8B248DC90E0007BA22 /* Build configuration list for PBXProject "SNKRSLaunchScreenExample" */;
			compatibilityVersion = "Xcode 9.3";
			developmentRegion = en;
			hasScannedForEncodings = 0;
			knownRegions = (
				en,
				Base,
			);
			mainGroup = 31857B87248DC90E0007BA22;
			productRefGroup = 31857B91248DC90E0007BA22 /* Products */;
			projectDirPath = "";
			projectRoot = "";
			targets = (
				31857B8F248DC90E0007BA22 /* SNKRSLaunchScreenExample */,
			);
		};
/* End PBXProject section */

/* Begin PBXResourcesBuildPhase section */
		31857B8E248DC90E0007BA22 /* Resources */ = {
			isa = PBXResourcesBuildPhase;
			buildActionMask = 2147483647;
			files = (
				31857BA0248DC9110007BA22 /* LaunchScreen.storyboard in Resources */,
				31857B9D248DC9110007BA22 /* Assets.xcassets in Resources */,
			);
			runOnlyForDeploymentPostprocessing = 0;
		};
/* End PBXResourcesBuildPhase section */

/* Begin PBXShellScriptBuildPhase section */
		6D5184A93353160ED8ACD0B4 /* [CP] Check Pods Manifest.lock */ = {
			isa = PBXShellScriptBuildPhase;
			buildActionMask = 2147483647;
			files = (
			);
			inputFileListPaths = (
			);
			inputPaths = (
				"${PODS_PODFILE_DIR_PATH}/Podfile.lock",
				"${PODS_ROOT}/Manifest.lock",
			);
			name = "[CP] Check Pods Manifest.lock";
			outputFileListPaths = (
			);
			outputPaths = (
				"$(DERIVED_FILE_DIR)/Pods-SNKRSLaunchScreenExample-checkManifestLockResult.txt",
			);
			runOnlyForDeploymentPostprocessing = 0;
			shellPath = /bin/sh;
			shellScript = "diff \"${PODS_PODFILE_DIR_PATH}/Podfile.lock\" \"${PODS_ROOT}/Manifest.lock\" > /dev/null\nif [ $? != 0 ] ; then\n    # print error to STDERR\n    echo \"error: The sandbox is not in sync with the Podfile.lock. Run 'pod install' or update your CocoaPods installation.\" >&2\n    exit 1\nfi\n# This output is used by Xcode 'outputs' to avoid re-running this script phase.\necho \"SUCCESS\" > \"${SCRIPT_OUTPUT_FILE_0}\"\n";
			showEnvVarsInLog = 0;
		};
		DF3CA71BA61A8A99018381D0 /* [CP] Embed Pods Frameworks */ = {
			isa = PBXShellScriptBuildPhase;
			buildActionMask = 2147483647;
			files = (
			);
			inputFileListPaths = (
				"${PODS_ROOT}/Target Support Files/Pods-SNKRSLaunchScreenExample/Pods-SNKRSLaunchScreenExample-frameworks-${CONFIGURATION}-input-files.xcfilelist",
			);
			name = "[CP] Embed Pods Frameworks";
			outputFileListPaths = (
				"${PODS_ROOT}/Target Support Files/Pods-SNKRSLaunchScreenExample/Pods-SNKRSLaunchScreenExample-frameworks-${CONFIGURATION}-output-files.xcfilelist",
			);
			runOnlyForDeploymentPostprocessing = 0;
			shellPath = /bin/sh;
			shellScript = "\"${PODS_ROOT}/Target Support Files/Pods-SNKRSLaunchScreenExample/Pods-SNKRSLaunchScreenExample-frameworks.sh\"\n";
			showEnvVarsInLog = 0;
		};
/* End PBXShellScriptBuildPhase section */

/* Begin PBXSourcesBuildPhase section */
		31857B8C248DC90E0007BA22 /* Sources */ = {
			isa = PBXSourcesBuildPhase;
			buildActionMask = 2147483647;
			files = (
				31857B98248DC90E0007BA22 /* ViewController.swift in Sources */,
				31857B94248DC90E0007BA22 /* AppDelegate.swift in Sources */,
				31857B96248DC90E0007BA22 /* SceneDelegate.swift in Sources */,
				31857BA8248DCA790007BA22 /* LaunchViewController.swift in Sources */,
			);
			runOnlyForDeploymentPostprocessing = 0;
		};
/* End PBXSourcesBuildPhase section */

/* Begin PBXVariantGroup section */
		31857B9E248DC9110007BA22 /* LaunchScreen.storyboard */ = {
			isa = PBXVariantGroup;
			children = (
				31857B9F248DC9110007BA22 /* Base */,
			);
			name = LaunchScreen.storyboard;
			sourceTree = "<group>";
		};
/* End PBXVariantGroup section */

/* Begin XCBuildConfiguration section */
		31857BA2248DC9110007BA22 /* Debug */ = {
			isa = XCBuildConfiguration;
			buildSettings = {
				ALWAYS_SEARCH_USER_PATHS = NO;
				CLANG_ANALYZER_NONNULL = YES;
				CLANG_ANALYZER_NUMBER_OBJECT_CONVERSION = YES_AGGRESSIVE;
				CLANG_CXX_LANGUAGE_STANDARD = "gnu++14";
				CLANG_CXX_LIBRARY = "libc++";
				CLANG_ENABLE_MODULES = YES;
				CLANG_ENABLE_OBJC_ARC = YES;
				CLANG_ENABLE_OBJC_WEAK = YES;
				CLANG_WARN_BLOCK_CAPTURE_AUTORELEASING = YES;
				CLANG_WARN_BOOL_CONVERSION = YES;
				CLANG_WARN_COMMA = YES;
				CLANG_WARN_CONSTANT_CONVERSION = YES;
				CLANG_WARN_DEPRECATED_OBJC_IMPLEMENTATIONS = YES;
				CLANG_WARN_DIRECT_OBJC_ISA_USAGE = YES_ERROR;
				CLANG_WARN_DOCUMENTATION_COMMENTS = YES;
				CLANG_WARN_EMPTY_BODY = YES;
				CLANG_WARN_ENUM_CONVERSION = YES;
				CLANG_WARN_INFINITE_RECURSION = YES;
				CLANG_WARN_INT_CONVERSION = YES;
				CLANG_WARN_NON_LITERAL_NULL_CONVERSION = YES;
				CLANG_WARN_OBJC_IMPLICIT_RETAIN_SELF = YES;
				CLANG_WARN_OBJC_LITERAL_CONVERSION = YES;
				CLANG_WARN_OBJC_ROOT_CLASS = YES_ERROR;
				CLANG_WARN_RANGE_LOOP_ANALYSIS = YES;
				CLANG_WARN_STRICT_PROTOTYPES = YES;
				CLANG_WARN_SUSPICIOUS_MOVE = YES;
				CLANG_WARN_UNGUARDED_AVAILABILITY = YES_AGGRESSIVE;
				CLANG_WARN_UNREACHABLE_CODE = YES;
				CLANG_WARN__DUPLICATE_METHOD_MATCH = YES;
				COPY_PHASE_STRIP = NO;
				DEBUG_INFORMATION_FORMAT = dwarf;
				ENABLE_STRICT_OBJC_MSGSEND = YES;
				ENABLE_TESTABILITY = YES;
				GCC_C_LANGUAGE_STANDARD = gnu11;
				GCC_DYNAMIC_NO_PIC = NO;
				GCC_NO_COMMON_BLOCKS = YES;
				GCC_OPTIMIZATION_LEVEL = 0;
				GCC_PREPROCESSOR_DEFINITIONS = (
					"DEBUG=1",
					"$(inherited)",
				);
				GCC_WARN_64_TO_32_BIT_CONVERSION = YES;
				GCC_WARN_ABOUT_RETURN_TYPE = YES_ERROR;
				GCC_WARN_UNDECLARED_SELECTOR = YES;
				GCC_WARN_UNINITIALIZED_AUTOS = YES_AGGRESSIVE;
				GCC_WARN_UNUSED_FUNCTION = YES;
				GCC_WARN_UNUSED_VARIABLE = YES;
				IPHONEOS_DEPLOYMENT_TARGET = 13.5;
				MTL_ENABLE_DEBUG_INFO = INCLUDE_SOURCE;
				MTL_FAST_MATH = YES;
				ONLY_ACTIVE_ARCH = YES;
				SDKROOT = iphoneos;
				SWIFT_ACTIVE_COMPILATION_CONDITIONS = DEBUG;
				SWIFT_OPTIMIZATION_LEVEL = "-Onone";
			};
			name = Debug;
		};
		31857BA3248DC9110007BA22 /* Release */ = {
			isa = XCBuildConfiguration;
			buildSettings = {
				ALWAYS_SEARCH_USER_PATHS = NO;
				CLANG_ANALYZER_NONNULL = YES;
				CLANG_ANALYZER_NUMBER_OBJECT_CONVERSION = YES_AGGRESSIVE;
				CLANG_CXX_LANGUAGE_STANDARD = "gnu++14";
				CLANG_CXX_LIBRARY = "libc++";
				CLANG_ENABLE_MODULES = YES;
				CLANG_ENABLE_OBJC_ARC = YES;
				CLANG_ENABLE_OBJC_WEAK = YES;
				CLANG_WARN_BLOCK_CAPTURE_AUTORELEASING = YES;
				CLANG_WARN_BOOL_CONVERSION = YES;
				CLANG_WARN_COMMA = YES;
				CLANG_WARN_CONSTANT_CONVERSION = YES;
				CLANG_WARN_DEPRECATED_OBJC_IMPLEMENTATIONS = YES;
				CLANG_WARN_DIRECT_OBJC_ISA_USAGE = YES_ERROR;
				CLANG_WARN_DOCUMENTATION_COMMENTS = YES;
				CLANG_WARN_EMPTY_BODY = YES;
				CLANG_WARN_ENUM_CONVERSION = YES;
				CLANG_WARN_INFINITE_RECURSION = YES;
				CLANG_WARN_INT_CONVERSION = YES;
				CLANG_WARN_NON_LITERAL_NULL_CONVERSION = YES;
				CLANG_WARN_OBJC_IMPLICIT_RETAIN_SELF = YES;
				CLANG_WARN_OBJC_LITERAL_CONVERSION = YES;
				CLANG_WARN_OBJC_ROOT_CLASS = YES_ERROR;
				CLANG_WARN_RANGE_LOOP_ANALYSIS = YES;
				CLANG_WARN_STRICT_PROTOTYPES = YES;
				CLANG_WARN_SUSPICIOUS_MOVE = YES;
				CLANG_WARN_UNGUARDED_AVAILABILITY = YES_AGGRESSIVE;
				CLANG_WARN_UNREACHABLE_CODE = YES;
				CLANG_WARN__DUPLICATE_METHOD_MATCH = YES;
				COPY_PHASE_STRIP = NO;
				DEBUG_INFORMATION_FORMAT = "dwarf-with-dsym";
				ENABLE_NS_ASSERTIONS = NO;
				ENABLE_STRICT_OBJC_MSGSEND = YES;
				GCC_C_LANGUAGE_STANDARD = gnu11;
				GCC_NO_COMMON_BLOCKS = YES;
				GCC_WARN_64_TO_32_BIT_CONVERSION = YES;
				GCC_WARN_ABOUT_RETURN_TYPE = YES_ERROR;
				GCC_WARN_UNDECLARED_SELECTOR = YES;
				GCC_WARN_UNINITIALIZED_AUTOS = YES_AGGRESSIVE;
				GCC_WARN_UNUSED_FUNCTION = YES;
				GCC_WARN_UNUSED_VARIABLE = YES;
				IPHONEOS_DEPLOYMENT_TARGET = 13.5;
				MTL_ENABLE_DEBUG_INFO = NO;
				MTL_FAST_MATH = YES;
				SDKROOT = iphoneos;
				SWIFT_COMPILATION_MODE = wholemodule;
				SWIFT_OPTIMIZATION_LEVEL = "-O";
				VALIDATE_PRODUCT = YES;
			};
			name = Release;
		};
		31857BA5248DC9110007BA22 /* Debug */ = {
			isa = XCBuildConfiguration;
			baseConfigurationReference = A41561FAF4A6E083CFBA1B91 /* Pods-SNKRSLaunchScreenExample.debug.xcconfig */;
			buildSettings = {
				ASSETCATALOG_COMPILER_APPICON_NAME = AppIcon;
				CODE_SIGN_STYLE = Automatic;
				DEVELOPMENT_TEAM = 92DETN2MKQ;
				INFOPLIST_FILE = SNKRSLaunchScreenExample/Info.plist;
				LD_RUNPATH_SEARCH_PATHS = (
					"$(inherited)",
					"@executable_path/Frameworks",
				);
				PRODUCT_BUNDLE_IDENTIFIER = com.calebrudnicki.SNKRSLaunchScreenExample;
				PRODUCT_NAME = "$(TARGET_NAME)";
				SWIFT_VERSION = 5.0;
				TARGETED_DEVICE_FAMILY = "1,2";
			};
			name = Debug;
		};
		31857BA6248DC9110007BA22 /* Release */ = {
			isa = XCBuildConfiguration;
			baseConfigurationReference = 43B712DC2FA7A5A0DA92BCF0 /* Pods-SNKRSLaunchScreenExample.release.xcconfig */;
			buildSettings = {
				ASSETCATALOG_COMPILER_APPICON_NAME = AppIcon;
				CODE_SIGN_STYLE = Automatic;
				DEVELOPMENT_TEAM = 92DETN2MKQ;
				INFOPLIST_FILE = SNKRSLaunchScreenExample/Info.plist;
				LD_RUNPATH_SEARCH_PATHS = (
					"$(inherited)",
					"@executable_path/Frameworks",
				);
				PRODUCT_BUNDLE_IDENTIFIER = com.calebrudnicki.SNKRSLaunchScreenExample;
				PRODUCT_NAME = "$(TARGET_NAME)";
				SWIFT_VERSION = 5.0;
				TARGETED_DEVICE_FAMILY = "1,2";
			};
			name = Release;
		};
/* End XCBuildConfiguration section */

/* Begin XCConfigurationList section */
		31857B8B248DC90E0007BA22 /* Build configuration list for PBXProject "SNKRSLaunchScreenExample" */ = {
			isa = XCConfigurationList;
			buildConfigurations = (
				31857BA2248DC9110007BA22 /* Debug */,
				31857BA3248DC9110007BA22 /* Release */,
			);
			defaultConfigurationIsVisible = 0;
			defaultConfigurationName = Release;
		};
		31857BA4248DC9110007BA22 /* Build configuration list for PBXNativeTarget "SNKRSLaunchScreenExample" */ = {
			isa = XCConfigurationList;
			buildConfigurations = (
				31857BA5248DC9110007BA22 /* Debug */,
				31857BA6248DC9110007BA22 /* Release */,
			);
			defaultConfigurationIsVisible = 0;
			defaultConfigurationName = Release;
		};
/* End XCConfigurationList section */
	};
	rootObject = 31857B88248DC90E0007BA22 /* Project object */;
}
